
Microsoft Visual Studio Solution File, Format Version 12.00
# Visual Studio Version 17
VisualStudioVersion = 17.11.34929.205
MinimumVisualStudioVersion = 10.0.40219.1
Project("{FAE04EC0-301F-11D3-BF4B-00C04F79EFBC}") = "Assm5 c#", "Assm5 c#\Assm5 c#.csproj", "{A21C6F7B-18C7-4EB4-9368-208DA98FBBB8}"
EndProject
Global
	GlobalSection(SolutionConfigurationPlatforms) = preSolution
		Debug|Any CPU = Debug|Any CPU
		Release|Any CPU = Release|Any CPU
	EndGlobalSection
	GlobalSection(ProjectConfigurationPlatforms) = postSolution
		{A21C6F7B-18C7-4EB4-9368-208DA98FBBB8}.Debug|Any CPU.ActiveCfg = Debug|Any CPU
		{A21C6F7B-18C7-4EB4-9368-208DA98FBBB8}.Debug|Any CPU.Build.0 = Debug|Any CPU
		{A21C6F7B-18C7-4EB4-9368-208DA98FBBB8}.Release|Any CPU.ActiveCfg = Release|Any CPU
		{A21C6F7B-18C7-4EB4-9368-208DA98FBBB8}.Release|Any CPU.Build.0 = Release|Any CPU
	EndGlobalSection
	GlobalSection(SolutionProperties) = preSolution
		HideSolutionNode = FALSE
	EndGlobalSection
	GlobalSection(ExtensibilityGlobals) = postSolution
		SolutionGuid = {124C3709-6ABB-489E-A6EC-BBC902A6156E}
	EndGlobalSection
EndGlobal
